// !$*UTF8*$!
{
	archiveVersion = 1;
	classes = {
	};
	objectVersion = 46;
	objects = {

/* Begin PBXBuildFile section */
		11376C0C1B3A4CA60005A681 /* XcodeServerSDK.framework in Frameworks */ = {isa = PBXBuildFile; fileRef = 11376C081B3A4C880005A681 /* XcodeServerSDK.framework */; };
		11398F641B3A4D0600C839C8 /* XcodeServerSDK.framework in CopyFiles */ = {isa = PBXBuildFile; fileRef = 11376C0A1B3A4C880005A681 /* XcodeServerSDK.framework */; settings = {ATTRIBUTES = (CodeSignOnCopy, RemoveHeadersOnCopy, ); }; };
		11398F661B3A4D2200C839C8 /* XcodeServerSDK.framework in CopyFiles */ = {isa = PBXBuildFile; fileRef = 11376C081B3A4C880005A681 /* XcodeServerSDK.framework */; settings = {ATTRIBUTES = (CodeSignOnCopy, RemoveHeadersOnCopy, ); }; };
		11398F671B3A4D3E00C839C8 /* XcodeServerSDK.framework in Frameworks */ = {isa = PBXBuildFile; fileRef = 11376C0A1B3A4C880005A681 /* XcodeServerSDK.framework */; };
		11A38B481B3A05DB00501C6B /* AppDelegate.swift in Sources */ = {isa = PBXBuildFile; fileRef = 11A38B471B3A05DB00501C6B /* AppDelegate.swift */; };
		11A38B4A1B3A05DB00501C6B /* ViewController.swift in Sources */ = {isa = PBXBuildFile; fileRef = 11A38B491B3A05DB00501C6B /* ViewController.swift */; };
		11A38B4D1B3A05DC00501C6B /* Main.storyboard in Resources */ = {isa = PBXBuildFile; fileRef = 11A38B4B1B3A05DC00501C6B /* Main.storyboard */; };
		11A38B4F1B3A05DC00501C6B /* Assets.xcassets in Resources */ = {isa = PBXBuildFile; fileRef = 11A38B4E1B3A05DC00501C6B /* Assets.xcassets */; };
		11A38B521B3A05DC00501C6B /* LaunchScreen.storyboard in Resources */ = {isa = PBXBuildFile; fileRef = 11A38B501B3A05DC00501C6B /* LaunchScreen.storyboard */; };
		11A38B5D1B3A05DC00501C6B /* WatchBotLauncherTests.swift in Sources */ = {isa = PBXBuildFile; fileRef = 11A38B5C1B3A05DC00501C6B /* WatchBotLauncherTests.swift */; };
		11A38B681B3A05DC00501C6B /* WatchBotLauncherUITests.swift in Sources */ = {isa = PBXBuildFile; fileRef = 11A38B671B3A05DC00501C6B /* WatchBotLauncherUITests.swift */; };
		11A38B6D1B3A05DC00501C6B /* WatchBotLauncher WatchKit App.app in Embed Watch Content */ = {isa = PBXBuildFile; fileRef = 11A38B6C1B3A05DC00501C6B /* WatchBotLauncher WatchKit App.app */; };
		11A38B731B3A05DC00501C6B /* Interface.storyboard in Resources */ = {isa = PBXBuildFile; fileRef = 11A38B711B3A05DC00501C6B /* Interface.storyboard */; };
		11A38B751B3A05DC00501C6B /* Assets.xcassets in Resources */ = {isa = PBXBuildFile; fileRef = 11A38B741B3A05DC00501C6B /* Assets.xcassets */; };
		11A38B7C1B3A05DC00501C6B /* WatchBotLauncher WatchKit Extension.appex in Embed App Extensions */ = {isa = PBXBuildFile; fileRef = 11A38B7B1B3A05DC00501C6B /* WatchBotLauncher WatchKit Extension.appex */; settings = {ATTRIBUTES = (RemoveHeadersOnCopy, ); }; };
		11A38B831B3A05DC00501C6B /* InterfaceController.swift in Sources */ = {isa = PBXBuildFile; fileRef = 11A38B821B3A05DC00501C6B /* InterfaceController.swift */; };
		11A38B851B3A05DC00501C6B /* ExtensionDelegate.swift in Sources */ = {isa = PBXBuildFile; fileRef = 11A38B841B3A05DC00501C6B /* ExtensionDelegate.swift */; };
		11A38B871B3A05DC00501C6B /* NotificationController.swift in Sources */ = {isa = PBXBuildFile; fileRef = 11A38B861B3A05DC00501C6B /* NotificationController.swift */; };
		11A38B891B3A05DC00501C6B /* ComplicationController.swift in Sources */ = {isa = PBXBuildFile; fileRef = 11A38B881B3A05DC00501C6B /* ComplicationController.swift */; };
		11A38B8B1B3A05DC00501C6B /* Assets.xcassets in Resources */ = {isa = PBXBuildFile; fileRef = 11A38B8A1B3A05DC00501C6B /* Assets.xcassets */; };
/* End PBXBuildFile section */

/* Begin PBXContainerItemProxy section */
		11A38B591B3A05DC00501C6B /* PBXContainerItemProxy */ = {
			isa = PBXContainerItemProxy;
			containerPortal = 11A38B3C1B3A05DB00501C6B /* Project object */;
			proxyType = 1;
			remoteGlobalIDString = 11A38B431B3A05DB00501C6B;
			remoteInfo = WatchBotLauncher;
		};
		11A38B641B3A05DC00501C6B /* PBXContainerItemProxy */ = {
			isa = PBXContainerItemProxy;
			containerPortal = 11A38B3C1B3A05DB00501C6B /* Project object */;
			proxyType = 1;
			remoteGlobalIDString = 11A38B431B3A05DB00501C6B;
			remoteInfo = WatchBotLauncher;
		};
		11A38B6E1B3A05DC00501C6B /* PBXContainerItemProxy */ = {
			isa = PBXContainerItemProxy;
			containerPortal = 11A38B3C1B3A05DB00501C6B /* Project object */;
			proxyType = 1;
			remoteGlobalIDString = 11A38B6B1B3A05DC00501C6B;
			remoteInfo = "WatchBotLauncher WatchKit App";
		};
		11A38B7D1B3A05DC00501C6B /* PBXContainerItemProxy */ = {
			isa = PBXContainerItemProxy;
			containerPortal = 11A38B3C1B3A05DB00501C6B /* Project object */;
			proxyType = 1;
			remoteGlobalIDString = 11A38B7A1B3A05DC00501C6B;
			remoteInfo = "WatchBotLauncher WatchKit Extension";
		};
/* End PBXContainerItemProxy section */

/* Begin PBXCopyFilesBuildPhase section */
		11398F631B3A4D0000C839C8 /* CopyFiles */ = {
			isa = PBXCopyFilesBuildPhase;
			buildActionMask = 2147483647;
			dstPath = "";
			dstSubfolderSpec = 10;
			files = (
				11398F641B3A4D0600C839C8 /* XcodeServerSDK.framework in CopyFiles */,
			);
			runOnlyForDeploymentPostprocessing = 0;
		};
		11398F651B3A4D1A00C839C8 /* CopyFiles */ = {
			isa = PBXCopyFilesBuildPhase;
			buildActionMask = 2147483647;
			dstPath = "";
			dstSubfolderSpec = 10;
			files = (
				11398F661B3A4D2200C839C8 /* XcodeServerSDK.framework in CopyFiles */,
			);
			runOnlyForDeploymentPostprocessing = 0;
		};
		11A38B921B3A05DC00501C6B /* Embed App Extensions */ = {
			isa = PBXCopyFilesBuildPhase;
			buildActionMask = 2147483647;
			dstPath = "";
			dstSubfolderSpec = 13;
			files = (
				11A38B7C1B3A05DC00501C6B /* WatchBotLauncher WatchKit Extension.appex in Embed App Extensions */,
			);
			name = "Embed App Extensions";
			runOnlyForDeploymentPostprocessing = 0;
		};
		11A38B961B3A05DC00501C6B /* Embed Watch Content */ = {
			isa = PBXCopyFilesBuildPhase;
			buildActionMask = 2147483647;
			dstPath = "$(CONTENTS_FOLDER_PATH)/Watch";
			dstSubfolderSpec = 16;
			files = (
				11A38B6D1B3A05DC00501C6B /* WatchBotLauncher WatchKit App.app in Embed Watch Content */,
			);
			name = "Embed Watch Content";
			runOnlyForDeploymentPostprocessing = 0;
		};
/* End PBXCopyFilesBuildPhase section */

/* Begin PBXFileReference section */
		11376C081B3A4C880005A681 /* XcodeServerSDK.framework */ = {isa = PBXFileReference; lastKnownFileType = wrapper.framework; path = XcodeServerSDK.framework; sourceTree = "<group>"; };
		11376C0A1B3A4C880005A681 /* XcodeServerSDK.framework */ = {isa = PBXFileReference; lastKnownFileType = wrapper.framework; path = XcodeServerSDK.framework; sourceTree = "<group>"; };
		11A38B441B3A05DB00501C6B /* WatchBotLauncher.app */ = {isa = PBXFileReference; explicitFileType = wrapper.application; includeInIndex = 0; path = WatchBotLauncher.app; sourceTree = BUILT_PRODUCTS_DIR; };
		11A38B471B3A05DB00501C6B /* AppDelegate.swift */ = {isa = PBXFileReference; lastKnownFileType = sourcecode.swift; path = AppDelegate.swift; sourceTree = "<group>"; };
		11A38B491B3A05DB00501C6B /* ViewController.swift */ = {isa = PBXFileReference; lastKnownFileType = sourcecode.swift; path = ViewController.swift; sourceTree = "<group>"; };
		11A38B4C1B3A05DC00501C6B /* Base */ = {isa = PBXFileReference; lastKnownFileType = file.storyboard; name = Base; path = Base.lproj/Main.storyboard; sourceTree = "<group>"; };
		11A38B4E1B3A05DC00501C6B /* Assets.xcassets */ = {isa = PBXFileReference; lastKnownFileType = folder.assetcatalog; path = Assets.xcassets; sourceTree = "<group>"; };
		11A38B511B3A05DC00501C6B /* Base */ = {isa = PBXFileReference; lastKnownFileType = file.storyboard; name = Base; path = Base.lproj/LaunchScreen.storyboard; sourceTree = "<group>"; };
		11A38B531B3A05DC00501C6B /* Info.plist */ = {isa = PBXFileReference; lastKnownFileType = text.plist.xml; path = Info.plist; sourceTree = "<group>"; };
		11A38B581B3A05DC00501C6B /* WatchBotLauncherTests.xctest */ = {isa = PBXFileReference; explicitFileType = wrapper.cfbundle; includeInIndex = 0; path = WatchBotLauncherTests.xctest; sourceTree = BUILT_PRODUCTS_DIR; };
		11A38B5C1B3A05DC00501C6B /* WatchBotLauncherTests.swift */ = {isa = PBXFileReference; lastKnownFileType = sourcecode.swift; path = WatchBotLauncherTests.swift; sourceTree = "<group>"; };
		11A38B5E1B3A05DC00501C6B /* Info.plist */ = {isa = PBXFileReference; lastKnownFileType = text.plist.xml; path = Info.plist; sourceTree = "<group>"; };
		11A38B631B3A05DC00501C6B /* WatchBotLauncherUITests.xctest */ = {isa = PBXFileReference; explicitFileType = wrapper.cfbundle; includeInIndex = 0; path = WatchBotLauncherUITests.xctest; sourceTree = BUILT_PRODUCTS_DIR; };
		11A38B671B3A05DC00501C6B /* WatchBotLauncherUITests.swift */ = {isa = PBXFileReference; lastKnownFileType = sourcecode.swift; path = WatchBotLauncherUITests.swift; sourceTree = "<group>"; };
		11A38B691B3A05DC00501C6B /* Info.plist */ = {isa = PBXFileReference; lastKnownFileType = text.plist.xml; path = Info.plist; sourceTree = "<group>"; };
		11A38B6C1B3A05DC00501C6B /* WatchBotLauncher WatchKit App.app */ = {isa = PBXFileReference; explicitFileType = wrapper.application; includeInIndex = 0; path = "WatchBotLauncher WatchKit App.app"; sourceTree = BUILT_PRODUCTS_DIR; };
		11A38B721B3A05DC00501C6B /* Base */ = {isa = PBXFileReference; lastKnownFileType = file.storyboard; name = Base; path = Base.lproj/Interface.storyboard; sourceTree = "<group>"; };
		11A38B741B3A05DC00501C6B /* Assets.xcassets */ = {isa = PBXFileReference; lastKnownFileType = folder.assetcatalog; path = Assets.xcassets; sourceTree = "<group>"; };
		11A38B761B3A05DC00501C6B /* Info.plist */ = {isa = PBXFileReference; lastKnownFileType = text.plist.xml; path = Info.plist; sourceTree = "<group>"; };
		11A38B7B1B3A05DC00501C6B /* WatchBotLauncher WatchKit Extension.appex */ = {isa = PBXFileReference; explicitFileType = "wrapper.app-extension"; includeInIndex = 0; path = "WatchBotLauncher WatchKit Extension.appex"; sourceTree = BUILT_PRODUCTS_DIR; };
		11A38B811B3A05DC00501C6B /* PushNotificationPayload.apns */ = {isa = PBXFileReference; lastKnownFileType = text; path = PushNotificationPayload.apns; sourceTree = "<group>"; };
		11A38B821B3A05DC00501C6B /* InterfaceController.swift */ = {isa = PBXFileReference; lastKnownFileType = sourcecode.swift; path = InterfaceController.swift; sourceTree = "<group>"; };
		11A38B841B3A05DC00501C6B /* ExtensionDelegate.swift */ = {isa = PBXFileReference; lastKnownFileType = sourcecode.swift; path = ExtensionDelegate.swift; sourceTree = "<group>"; };
		11A38B861B3A05DC00501C6B /* NotificationController.swift */ = {isa = PBXFileReference; lastKnownFileType = sourcecode.swift; path = NotificationController.swift; sourceTree = "<group>"; };
		11A38B881B3A05DC00501C6B /* ComplicationController.swift */ = {isa = PBXFileReference; lastKnownFileType = sourcecode.swift; path = ComplicationController.swift; sourceTree = "<group>"; };
		11A38B8A1B3A05DC00501C6B /* Assets.xcassets */ = {isa = PBXFileReference; lastKnownFileType = folder.assetcatalog; path = Assets.xcassets; sourceTree = "<group>"; };
		11A38B8C1B3A05DC00501C6B /* Info.plist */ = {isa = PBXFileReference; lastKnownFileType = text.plist.xml; path = Info.plist; sourceTree = "<group>"; };
/* End PBXFileReference section */

/* Begin PBXFrameworksBuildPhase section */
		11A38B411B3A05DB00501C6B /* Frameworks */ = {
			isa = PBXFrameworksBuildPhase;
			buildActionMask = 2147483647;
			files = (
				11376C0C1B3A4CA60005A681 /* XcodeServerSDK.framework in Frameworks */,
			);
			runOnlyForDeploymentPostprocessing = 0;
		};
		11A38B551B3A05DC00501C6B /* Frameworks */ = {
			isa = PBXFrameworksBuildPhase;
			buildActionMask = 2147483647;
			files = (
			);
			runOnlyForDeploymentPostprocessing = 0;
		};
		11A38B601B3A05DC00501C6B /* Frameworks */ = {
			isa = PBXFrameworksBuildPhase;
			buildActionMask = 2147483647;
			files = (
			);
			runOnlyForDeploymentPostprocessing = 0;
		};
		11A38B781B3A05DC00501C6B /* Frameworks */ = {
			isa = PBXFrameworksBuildPhase;
			buildActionMask = 2147483647;
			files = (
				11398F671B3A4D3E00C839C8 /* XcodeServerSDK.framework in Frameworks */,
			);
			runOnlyForDeploymentPostprocessing = 0;
		};
/* End PBXFrameworksBuildPhase section */

/* Begin PBXGroup section */
		11376BC31B3A15320005A681 /* Frameworks */ = {
			isa = PBXGroup;
			children = (
				11376C071B3A4C880005A681 /* iOS */,
				11376C091B3A4C880005A681 /* watchOS */,
			);
			name = Frameworks;
			sourceTree = "<group>";
		};
		11376C071B3A4C880005A681 /* iOS */ = {
			isa = PBXGroup;
			children = (
				11376C081B3A4C880005A681 /* XcodeServerSDK.framework */,
			);
			name = iOS;
			path = ../Carthage/Build/iOS;
			sourceTree = "<group>";
		};
		11376C091B3A4C880005A681 /* watchOS */ = {
			isa = PBXGroup;
			children = (
				11376C0A1B3A4C880005A681 /* XcodeServerSDK.framework */,
			);
			name = watchOS;
			path = ../Carthage/Build/watchOS;
			sourceTree = "<group>";
		};
		11A38B3B1B3A05DB00501C6B = {
			isa = PBXGroup;
			children = (
				11A38B461B3A05DB00501C6B /* WatchBotLauncher */,
				11A38B5B1B3A05DC00501C6B /* WatchBotLauncherTests */,
				11A38B661B3A05DC00501C6B /* WatchBotLauncherUITests */,
				11A38B701B3A05DC00501C6B /* WatchBotLauncher WatchKit App */,
				11A38B7F1B3A05DC00501C6B /* WatchBotLauncher WatchKit Extension */,
				11376BC31B3A15320005A681 /* Frameworks */,
				11A38B451B3A05DB00501C6B /* Products */,
			);
			sourceTree = "<group>";
		};
		11A38B451B3A05DB00501C6B /* Products */ = {
			isa = PBXGroup;
			children = (
				11A38B441B3A05DB00501C6B /* WatchBotLauncher.app */,
				11A38B581B3A05DC00501C6B /* WatchBotLauncherTests.xctest */,
				11A38B631B3A05DC00501C6B /* WatchBotLauncherUITests.xctest */,
				11A38B6C1B3A05DC00501C6B /* WatchBotLauncher WatchKit App.app */,
				11A38B7B1B3A05DC00501C6B /* WatchBotLauncher WatchKit Extension.appex */,
			);
			name = Products;
			sourceTree = "<group>";
		};
		11A38B461B3A05DB00501C6B /* WatchBotLauncher */ = {
			isa = PBXGroup;
			children = (
				11A38B471B3A05DB00501C6B /* AppDelegate.swift */,
				11A38BA21B3A060500501C6B /* Support Files */,
				11A38BA01B3A05E900501C6B /* UI */,
				11A38BA11B3A05EE00501C6B /* ViewControllers */,
			);
			path = WatchBotLauncher;
			sourceTree = "<group>";
		};
		11A38B5B1B3A05DC00501C6B /* WatchBotLauncherTests */ = {
			isa = PBXGroup;
			children = (
				11A38B5C1B3A05DC00501C6B /* WatchBotLauncherTests.swift */,
				11A38B5E1B3A05DC00501C6B /* Info.plist */,
			);
			path = WatchBotLauncherTests;
			sourceTree = "<group>";
		};
		11A38B661B3A05DC00501C6B /* WatchBotLauncherUITests */ = {
			isa = PBXGroup;
			children = (
				11A38B671B3A05DC00501C6B /* WatchBotLauncherUITests.swift */,
				11A38B691B3A05DC00501C6B /* Info.plist */,
			);
			path = WatchBotLauncherUITests;
			sourceTree = "<group>";
		};
		11A38B701B3A05DC00501C6B /* WatchBotLauncher WatchKit App */ = {
			isa = PBXGroup;
			children = (
				11A38B711B3A05DC00501C6B /* Interface.storyboard */,
				11A38B741B3A05DC00501C6B /* Assets.xcassets */,
				11A38B761B3A05DC00501C6B /* Info.plist */,
			);
			path = "WatchBotLauncher WatchKit App";
			sourceTree = "<group>";
		};
		11A38B7F1B3A05DC00501C6B /* WatchBotLauncher WatchKit Extension */ = {
			isa = PBXGroup;
			children = (
				11A38B821B3A05DC00501C6B /* InterfaceController.swift */,
				11A38B841B3A05DC00501C6B /* ExtensionDelegate.swift */,
				11A38B861B3A05DC00501C6B /* NotificationController.swift */,
				11A38B881B3A05DC00501C6B /* ComplicationController.swift */,
				11A38B8A1B3A05DC00501C6B /* Assets.xcassets */,
				11A38B8C1B3A05DC00501C6B /* Info.plist */,
				11A38B801B3A05DC00501C6B /* Supporting Files */,
			);
			path = "WatchBotLauncher WatchKit Extension";
			sourceTree = "<group>";
		};
		11A38B801B3A05DC00501C6B /* Supporting Files */ = {
			isa = PBXGroup;
			children = (
				11A38B811B3A05DC00501C6B /* PushNotificationPayload.apns */,
			);
			path = "Supporting Files";
			sourceTree = "<group>";
		};
		11A38BA01B3A05E900501C6B /* UI */ = {
			isa = PBXGroup;
			children = (
				11A38B4B1B3A05DC00501C6B /* Main.storyboard */,
				11A38B501B3A05DC00501C6B /* LaunchScreen.storyboard */,
			);
			path = UI;
			sourceTree = "<group>";
		};
		11A38BA11B3A05EE00501C6B /* ViewControllers */ = {
			isa = PBXGroup;
			children = (
				11A38B491B3A05DB00501C6B /* ViewController.swift */,
			);
			path = ViewControllers;
			sourceTree = "<group>";
		};
		11A38BA21B3A060500501C6B /* Support Files */ = {
			isa = PBXGroup;
			children = (
				11A38B4E1B3A05DC00501C6B /* Assets.xcassets */,
				11A38B531B3A05DC00501C6B /* Info.plist */,
			);
			path = "Support Files";
			sourceTree = "<group>";
		};
/* End PBXGroup section */

/* Begin PBXNativeTarget section */
		11A38B431B3A05DB00501C6B /* WatchBotLauncher */ = {
			isa = PBXNativeTarget;
			buildConfigurationList = 11A38B971B3A05DC00501C6B /* Build configuration list for PBXNativeTarget "WatchBotLauncher" */;
			buildPhases = (
				11A38B401B3A05DB00501C6B /* Sources */,
				11A38B411B3A05DB00501C6B /* Frameworks */,
				11A38B421B3A05DB00501C6B /* Resources */,
				11A38B961B3A05DC00501C6B /* Embed Watch Content */,
				11398F651B3A4D1A00C839C8 /* CopyFiles */,
			);
			buildRules = (
			);
			dependencies = (
				11A38B6F1B3A05DC00501C6B /* PBXTargetDependency */,
			);
			name = WatchBotLauncher;
			productName = WatchBotLauncher;
			productReference = 11A38B441B3A05DB00501C6B /* WatchBotLauncher.app */;
			productType = "com.apple.product-type.application";
		};
		11A38B571B3A05DC00501C6B /* WatchBotLauncherTests */ = {
			isa = PBXNativeTarget;
			buildConfigurationList = 11A38B9A1B3A05DC00501C6B /* Build configuration list for PBXNativeTarget "WatchBotLauncherTests" */;
			buildPhases = (
				11A38B541B3A05DC00501C6B /* Sources */,
				11A38B551B3A05DC00501C6B /* Frameworks */,
				11A38B561B3A05DC00501C6B /* Resources */,
			);
			buildRules = (
			);
			dependencies = (
				11A38B5A1B3A05DC00501C6B /* PBXTargetDependency */,
			);
			name = WatchBotLauncherTests;
			productName = WatchBotLauncherTests;
			productReference = 11A38B581B3A05DC00501C6B /* WatchBotLauncherTests.xctest */;
			productType = "com.apple.product-type.bundle.unit-test";
		};
		11A38B621B3A05DC00501C6B /* WatchBotLauncherUITests */ = {
			isa = PBXNativeTarget;
			buildConfigurationList = 11A38B9D1B3A05DC00501C6B /* Build configuration list for PBXNativeTarget "WatchBotLauncherUITests" */;
			buildPhases = (
				11A38B5F1B3A05DC00501C6B /* Sources */,
				11A38B601B3A05DC00501C6B /* Frameworks */,
				11A38B611B3A05DC00501C6B /* Resources */,
			);
			buildRules = (
			);
			dependencies = (
				11A38B651B3A05DC00501C6B /* PBXTargetDependency */,
			);
			name = WatchBotLauncherUITests;
			productName = WatchBotLauncherUITests;
			productReference = 11A38B631B3A05DC00501C6B /* WatchBotLauncherUITests.xctest */;
			productType = "com.apple.product-type.bundle.ui-testing";
		};
		11A38B6B1B3A05DC00501C6B /* WatchBotLauncher WatchKit App */ = {
			isa = PBXNativeTarget;
			buildConfigurationList = 11A38B931B3A05DC00501C6B /* Build configuration list for PBXNativeTarget "WatchBotLauncher WatchKit App" */;
			buildPhases = (
				11A38B6A1B3A05DC00501C6B /* Resources */,
				11A38B921B3A05DC00501C6B /* Embed App Extensions */,
			);
			buildRules = (
			);
			dependencies = (
				11A38B7E1B3A05DC00501C6B /* PBXTargetDependency */,
			);
			name = "WatchBotLauncher WatchKit App";
			productName = "WatchBotLauncher WatchKit App";
			productReference = 11A38B6C1B3A05DC00501C6B /* WatchBotLauncher WatchKit App.app */;
			productType = "com.apple.product-type.application.watchapp2";
		};
		11A38B7A1B3A05DC00501C6B /* WatchBotLauncher WatchKit Extension */ = {
			isa = PBXNativeTarget;
			buildConfigurationList = 11A38B8F1B3A05DC00501C6B /* Build configuration list for PBXNativeTarget "WatchBotLauncher WatchKit Extension" */;
			buildPhases = (
				11A38B771B3A05DC00501C6B /* Sources */,
				11A38B781B3A05DC00501C6B /* Frameworks */,
				11A38B791B3A05DC00501C6B /* Resources */,
				11398F631B3A4D0000C839C8 /* CopyFiles */,
			);
			buildRules = (
			);
			dependencies = (
			);
			name = "WatchBotLauncher WatchKit Extension";
			productName = "WatchBotLauncher WatchKit Extension";
			productReference = 11A38B7B1B3A05DC00501C6B /* WatchBotLauncher WatchKit Extension.appex */;
			productType = "com.apple.product-type.watchkit2-extension";
		};
/* End PBXNativeTarget section */

/* Begin PBXProject section */
		11A38B3C1B3A05DB00501C6B /* Project object */ = {
			isa = PBXProject;
			attributes = {
				LastUpgradeCheck = 0700;
				ORGANIZATIONNAME = "Esteban Torres";
				TargetAttributes = {
					11A38B431B3A05DB00501C6B = {
						CreatedOnToolsVersion = 7.0;
					};
					11A38B571B3A05DC00501C6B = {
						CreatedOnToolsVersion = 7.0;
						TestTargetID = 11A38B431B3A05DB00501C6B;
					};
					11A38B621B3A05DC00501C6B = {
						CreatedOnToolsVersion = 7.0;
						TestTargetID = 11A38B431B3A05DB00501C6B;
					};
					11A38B6B1B3A05DC00501C6B = {
						CreatedOnToolsVersion = 7.0;
					};
					11A38B7A1B3A05DC00501C6B = {
						CreatedOnToolsVersion = 7.0;
					};
				};
			};
			buildConfigurationList = 11A38B3F1B3A05DB00501C6B /* Build configuration list for PBXProject "WatchBotLauncher" */;
			compatibilityVersion = "Xcode 3.2";
			developmentRegion = English;
			hasScannedForEncodings = 0;
			knownRegions = (
				en,
				Base,
			);
			mainGroup = 11A38B3B1B3A05DB00501C6B;
			productRefGroup = 11A38B451B3A05DB00501C6B /* Products */;
			projectDirPath = "";
			projectRoot = "";
			targets = (
				11A38B431B3A05DB00501C6B /* WatchBotLauncher */,
				11A38B571B3A05DC00501C6B /* WatchBotLauncherTests */,
				11A38B621B3A05DC00501C6B /* WatchBotLauncherUITests */,
				11A38B6B1B3A05DC00501C6B /* WatchBotLauncher WatchKit App */,
				11A38B7A1B3A05DC00501C6B /* WatchBotLauncher WatchKit Extension */,
			);
		};
/* End PBXProject section */

/* Begin PBXResourcesBuildPhase section */
		11A38B421B3A05DB00501C6B /* Resources */ = {
			isa = PBXResourcesBuildPhase;
			buildActionMask = 2147483647;
			files = (
				11A38B521B3A05DC00501C6B /* LaunchScreen.storyboard in Resources */,
				11A38B4F1B3A05DC00501C6B /* Assets.xcassets in Resources */,
				11A38B4D1B3A05DC00501C6B /* Main.storyboard in Resources */,
			);
			runOnlyForDeploymentPostprocessing = 0;
		};
		11A38B561B3A05DC00501C6B /* Resources */ = {
			isa = PBXResourcesBuildPhase;
			buildActionMask = 2147483647;
			files = (
			);
			runOnlyForDeploymentPostprocessing = 0;
		};
		11A38B611B3A05DC00501C6B /* Resources */ = {
			isa = PBXResourcesBuildPhase;
			buildActionMask = 2147483647;
			files = (
			);
			runOnlyForDeploymentPostprocessing = 0;
		};
		11A38B6A1B3A05DC00501C6B /* Resources */ = {
			isa = PBXResourcesBuildPhase;
			buildActionMask = 2147483647;
			files = (
				11A38B751B3A05DC00501C6B /* Assets.xcassets in Resources */,
				11A38B731B3A05DC00501C6B /* Interface.storyboard in Resources */,
			);
			runOnlyForDeploymentPostprocessing = 0;
		};
		11A38B791B3A05DC00501C6B /* Resources */ = {
			isa = PBXResourcesBuildPhase;
			buildActionMask = 2147483647;
			files = (
				11A38B8B1B3A05DC00501C6B /* Assets.xcassets in Resources */,
			);
			runOnlyForDeploymentPostprocessing = 0;
		};
/* End PBXResourcesBuildPhase section */

/* Begin PBXSourcesBuildPhase section */
		11A38B401B3A05DB00501C6B /* Sources */ = {
			isa = PBXSourcesBuildPhase;
			buildActionMask = 2147483647;
			files = (
				11A38B4A1B3A05DB00501C6B /* ViewController.swift in Sources */,
				11A38B481B3A05DB00501C6B /* AppDelegate.swift in Sources */,
			);
			runOnlyForDeploymentPostprocessing = 0;
		};
		11A38B541B3A05DC00501C6B /* Sources */ = {
			isa = PBXSourcesBuildPhase;
			buildActionMask = 2147483647;
			files = (
				11A38B5D1B3A05DC00501C6B /* WatchBotLauncherTests.swift in Sources */,
			);
			runOnlyForDeploymentPostprocessing = 0;
		};
		11A38B5F1B3A05DC00501C6B /* Sources */ = {
			isa = PBXSourcesBuildPhase;
			buildActionMask = 2147483647;
			files = (
				11A38B681B3A05DC00501C6B /* WatchBotLauncherUITests.swift in Sources */,
			);
			runOnlyForDeploymentPostprocessing = 0;
		};
		11A38B771B3A05DC00501C6B /* Sources */ = {
			isa = PBXSourcesBuildPhase;
			buildActionMask = 2147483647;
			files = (
				11A38B871B3A05DC00501C6B /* NotificationController.swift in Sources */,
				11A38B891B3A05DC00501C6B /* ComplicationController.swift in Sources */,
				11A38B851B3A05DC00501C6B /* ExtensionDelegate.swift in Sources */,
				11A38B831B3A05DC00501C6B /* InterfaceController.swift in Sources */,
			);
			runOnlyForDeploymentPostprocessing = 0;
		};
/* End PBXSourcesBuildPhase section */

/* Begin PBXTargetDependency section */
		11A38B5A1B3A05DC00501C6B /* PBXTargetDependency */ = {
			isa = PBXTargetDependency;
			target = 11A38B431B3A05DB00501C6B /* WatchBotLauncher */;
			targetProxy = 11A38B591B3A05DC00501C6B /* PBXContainerItemProxy */;
		};
		11A38B651B3A05DC00501C6B /* PBXTargetDependency */ = {
			isa = PBXTargetDependency;
			target = 11A38B431B3A05DB00501C6B /* WatchBotLauncher */;
			targetProxy = 11A38B641B3A05DC00501C6B /* PBXContainerItemProxy */;
		};
		11A38B6F1B3A05DC00501C6B /* PBXTargetDependency */ = {
			isa = PBXTargetDependency;
			target = 11A38B6B1B3A05DC00501C6B /* WatchBotLauncher WatchKit App */;
			targetProxy = 11A38B6E1B3A05DC00501C6B /* PBXContainerItemProxy */;
		};
		11A38B7E1B3A05DC00501C6B /* PBXTargetDependency */ = {
			isa = PBXTargetDependency;
			target = 11A38B7A1B3A05DC00501C6B /* WatchBotLauncher WatchKit Extension */;
			targetProxy = 11A38B7D1B3A05DC00501C6B /* PBXContainerItemProxy */;
		};
/* End PBXTargetDependency section */

/* Begin PBXVariantGroup section */
		11A38B4B1B3A05DC00501C6B /* Main.storyboard */ = {
			isa = PBXVariantGroup;
			children = (
				11A38B4C1B3A05DC00501C6B /* Base */,
			);
			name = Main.storyboard;
			path = .;
			sourceTree = "<group>";
		};
		11A38B501B3A05DC00501C6B /* LaunchScreen.storyboard */ = {
			isa = PBXVariantGroup;
			children = (
				11A38B511B3A05DC00501C6B /* Base */,
			);
			name = LaunchScreen.storyboard;
			path = .;
			sourceTree = "<group>";
		};
		11A38B711B3A05DC00501C6B /* Interface.storyboard */ = {
			isa = PBXVariantGroup;
			children = (
				11A38B721B3A05DC00501C6B /* Base */,
			);
			name = Interface.storyboard;
			path = .;
			sourceTree = "<group>";
		};
/* End PBXVariantGroup section */

/* Begin XCBuildConfiguration section */
		11A38B8D1B3A05DC00501C6B /* Debug */ = {
			isa = XCBuildConfiguration;
			buildSettings = {
				ALWAYS_SEARCH_USER_PATHS = NO;
				CLANG_CXX_LANGUAGE_STANDARD = "gnu++0x";
				CLANG_CXX_LIBRARY = "libc++";
				CLANG_ENABLE_MODULES = YES;
				CLANG_ENABLE_OBJC_ARC = YES;
				CLANG_WARN_BOOL_CONVERSION = YES;
				CLANG_WARN_CONSTANT_CONVERSION = YES;
				CLANG_WARN_DIRECT_OBJC_ISA_USAGE = YES_ERROR;
				CLANG_WARN_EMPTY_BODY = YES;
				CLANG_WARN_ENUM_CONVERSION = YES;
				CLANG_WARN_INT_CONVERSION = YES;
				CLANG_WARN_OBJC_ROOT_CLASS = YES_ERROR;
				CLANG_WARN_UNREACHABLE_CODE = YES;
				CLANG_WARN__DUPLICATE_METHOD_MATCH = YES;
				"CODE_SIGN_IDENTITY[sdk=iphoneos*]" = "iPhone Developer";
				COPY_PHASE_STRIP = NO;
				DEBUG_INFORMATION_FORMAT = dwarf;
				ENABLE_STRICT_OBJC_MSGSEND = YES;
				ENABLE_TESTABILITY = YES;
				GCC_C_LANGUAGE_STANDARD = gnu99;
				GCC_DYNAMIC_NO_PIC = NO;
				GCC_NO_COMMON_BLOCKS = YES;
				GCC_OPTIMIZATION_LEVEL = 0;
				GCC_PREPROCESSOR_DEFINITIONS = (
					"DEBUG=1",
					"$(inherited)",
				);
				GCC_WARN_64_TO_32_BIT_CONVERSION = YES;
				GCC_WARN_ABOUT_RETURN_TYPE = YES_ERROR;
				GCC_WARN_UNDECLARED_SELECTOR = YES;
				GCC_WARN_UNINITIALIZED_AUTOS = YES_AGGRESSIVE;
				GCC_WARN_UNUSED_FUNCTION = YES;
				GCC_WARN_UNUSED_VARIABLE = YES;
				IPHONEOS_DEPLOYMENT_TARGET = 9.0;
				MTL_ENABLE_DEBUG_INFO = YES;
				ONLY_ACTIVE_ARCH = YES;
				SDKROOT = iphoneos;
				SWIFT_OPTIMIZATION_LEVEL = "-Onone";
			};
			name = Debug;
		};
		11A38B8E1B3A05DC00501C6B /* Release */ = {
			isa = XCBuildConfiguration;
			buildSettings = {
				ALWAYS_SEARCH_USER_PATHS = NO;
				CLANG_CXX_LANGUAGE_STANDARD = "gnu++0x";
				CLANG_CXX_LIBRARY = "libc++";
				CLANG_ENABLE_MODULES = YES;
				CLANG_ENABLE_OBJC_ARC = YES;
				CLANG_WARN_BOOL_CONVERSION = YES;
				CLANG_WARN_CONSTANT_CONVERSION = YES;
				CLANG_WARN_DIRECT_OBJC_ISA_USAGE = YES_ERROR;
				CLANG_WARN_EMPTY_BODY = YES;
				CLANG_WARN_ENUM_CONVERSION = YES;
				CLANG_WARN_INT_CONVERSION = YES;
				CLANG_WARN_OBJC_ROOT_CLASS = YES_ERROR;
				CLANG_WARN_UNREACHABLE_CODE = YES;
				CLANG_WARN__DUPLICATE_METHOD_MATCH = YES;
				"CODE_SIGN_IDENTITY[sdk=iphoneos*]" = "iPhone Developer";
				COPY_PHASE_STRIP = NO;
				DEBUG_INFORMATION_FORMAT = "dwarf-with-dsym";
				ENABLE_NS_ASSERTIONS = NO;
				ENABLE_STRICT_OBJC_MSGSEND = YES;
				GCC_C_LANGUAGE_STANDARD = gnu99;
				GCC_NO_COMMON_BLOCKS = YES;
				GCC_WARN_64_TO_32_BIT_CONVERSION = YES;
				GCC_WARN_ABOUT_RETURN_TYPE = YES_ERROR;
				GCC_WARN_UNDECLARED_SELECTOR = YES;
				GCC_WARN_UNINITIALIZED_AUTOS = YES_AGGRESSIVE;
				GCC_WARN_UNUSED_FUNCTION = YES;
				GCC_WARN_UNUSED_VARIABLE = YES;
				IPHONEOS_DEPLOYMENT_TARGET = 9.0;
				MTL_ENABLE_DEBUG_INFO = NO;
				SDKROOT = iphoneos;
				VALIDATE_PRODUCT = YES;
			};
			name = Release;
		};
		11A38B901B3A05DC00501C6B /* Debug */ = {
			isa = XCBuildConfiguration;
			buildSettings = {
				ASSETCATALOG_COMPILER_COMPLICATION_NAME = Complication;
				"CODE_SIGN_IDENTITY[sdk=watchos*]" = "iPhone Developer";
				FRAMEWORK_SEARCH_PATHS = "$(PROJECT_DIR)/../Carthage/Build/watchOS";
				INFOPLIST_FILE = "WatchBotLauncher WatchKit Extension/Info.plist";
				LD_RUNPATH_SEARCH_PATHS = "$(inherited) @executable_path/Frameworks @executable_path/../../Frameworks";
				PRODUCT_BUNDLE_IDENTIFIER = es.estebantorr.WatchBotLauncher.watchkitapp.watchkitextension;
				PRODUCT_NAME = "${TARGET_NAME}";
				SDKROOT = watchos;
				SKIP_INSTALL = YES;
				TARGETED_DEVICE_FAMILY = 4;
				WATCHOS_DEPLOYMENT_TARGET = 2.0;
			};
			name = Debug;
		};
		11A38B911B3A05DC00501C6B /* Release */ = {
			isa = XCBuildConfiguration;
			buildSettings = {
				ASSETCATALOG_COMPILER_COMPLICATION_NAME = Complication;
				"CODE_SIGN_IDENTITY[sdk=watchos*]" = "iPhone Developer";
				FRAMEWORK_SEARCH_PATHS = "$(PROJECT_DIR)/../Carthage/Build/watchOS";
				INFOPLIST_FILE = "WatchBotLauncher WatchKit Extension/Info.plist";
				LD_RUNPATH_SEARCH_PATHS = "$(inherited) @executable_path/Frameworks @executable_path/../../Frameworks";
				PRODUCT_BUNDLE_IDENTIFIER = es.estebantorr.WatchBotLauncher.watchkitapp.watchkitextension;
				PRODUCT_NAME = "${TARGET_NAME}";
				SDKROOT = watchos;
				SKIP_INSTALL = YES;
				TARGETED_DEVICE_FAMILY = 4;
				WATCHOS_DEPLOYMENT_TARGET = 2.0;
			};
			name = Release;
		};
		11A38B941B3A05DC00501C6B /* Debug */ = {
			isa = XCBuildConfiguration;
			buildSettings = {
				ASSETCATALOG_COMPILER_APPICON_NAME = AppIcon;
				"CODE_SIGN_IDENTITY[sdk=watchos*]" = "iPhone Developer";
				EMBEDDED_CONTENT_CONTAINS_SWIFT = YES;
				FRAMEWORK_SEARCH_PATHS = "$(PROJECT_DIR)/../Carthage/Build/watchOS";
				IBSC_MODULE = WatchBotLauncher_WatchKit_Extension;
				INFOPLIST_FILE = "WatchBotLauncher WatchKit App/Info.plist";
				PRODUCT_BUNDLE_IDENTIFIER = es.estebantorr.WatchBotLauncher.watchkitapp;
				PRODUCT_NAME = "$(TARGET_NAME)";
				SDKROOT = watchos;
				SKIP_INSTALL = YES;
				TARGETED_DEVICE_FAMILY = 4;
				WATCHOS_DEPLOYMENT_TARGET = 2.0;
			};
			name = Debug;
		};
		11A38B951B3A05DC00501C6B /* Release */ = {
			isa = XCBuildConfiguration;
			buildSettings = {
				ASSETCATALOG_COMPILER_APPICON_NAME = AppIcon;
				"CODE_SIGN_IDENTITY[sdk=watchos*]" = "iPhone Developer";
				EMBEDDED_CONTENT_CONTAINS_SWIFT = YES;
				FRAMEWORK_SEARCH_PATHS = "$(PROJECT_DIR)/../Carthage/Build/watchOS";
				IBSC_MODULE = WatchBotLauncher_WatchKit_Extension;
				INFOPLIST_FILE = "WatchBotLauncher WatchKit App/Info.plist";
				PRODUCT_BUNDLE_IDENTIFIER = es.estebantorr.WatchBotLauncher.watchkitapp;
				PRODUCT_NAME = "$(TARGET_NAME)";
				SDKROOT = watchos;
				SKIP_INSTALL = YES;
				TARGETED_DEVICE_FAMILY = 4;
				WATCHOS_DEPLOYMENT_TARGET = 2.0;
			};
			name = Release;
		};
		11A38B981B3A05DC00501C6B /* Debug */ = {
			isa = XCBuildConfiguration;
			buildSettings = {
				ASSETCATALOG_COMPILER_APPICON_NAME = AppIcon;
				FRAMEWORK_SEARCH_PATHS = "$(SRCROOT)/../Carthage/Build/iOS";
				INFOPLIST_FILE = "WatchBotLauncher/Support Files/Info.plist";
				LD_RUNPATH_SEARCH_PATHS = "$(inherited) @executable_path/Frameworks";
				PRODUCT_BUNDLE_IDENTIFIER = es.estebantorr.WatchBotLauncher;
				PRODUCT_NAME = "$(TARGET_NAME)";
			};
			name = Debug;
		};
		11A38B991B3A05DC00501C6B /* Release */ = {
			isa = XCBuildConfiguration;
			buildSettings = {
				ASSETCATALOG_COMPILER_APPICON_NAME = AppIcon;
				FRAMEWORK_SEARCH_PATHS = "$(SRCROOT)/../Carthage/Build/iOS";
				INFOPLIST_FILE = "WatchBotLauncher/Support Files/Info.plist";
				LD_RUNPATH_SEARCH_PATHS = "$(inherited) @executable_path/Frameworks";
				PRODUCT_BUNDLE_IDENTIFIER = es.estebantorr.WatchBotLauncher;
				PRODUCT_NAME = "$(TARGET_NAME)";
			};
			name = Release;
		};
		11A38B9B1B3A05DC00501C6B /* Debug */ = {
			isa = XCBuildConfiguration;
			buildSettings = {
				BUNDLE_LOADER = "$(TEST_HOST)";
				INFOPLIST_FILE = WatchBotLauncherTests/Info.plist;
				LD_RUNPATH_SEARCH_PATHS = "$(inherited) @executable_path/Frameworks @loader_path/Frameworks";
				PRODUCT_BUNDLE_IDENTIFIER = es.estebantorr.WatchBotLauncherTests;
				PRODUCT_NAME = "$(TARGET_NAME)";
				TEST_HOST = "$(BUILT_PRODUCTS_DIR)/WatchBotLauncher.app/WatchBotLauncher";
			};
			name = Debug;
		};
		11A38B9C1B3A05DC00501C6B /* Release */ = {
			isa = XCBuildConfiguration;
			buildSettings = {
				BUNDLE_LOADER = "$(TEST_HOST)";
				INFOPLIST_FILE = WatchBotLauncherTests/Info.plist;
				LD_RUNPATH_SEARCH_PATHS = "$(inherited) @executable_path/Frameworks @loader_path/Frameworks";
				PRODUCT_BUNDLE_IDENTIFIER = es.estebantorr.WatchBotLauncherTests;
				PRODUCT_NAME = "$(TARGET_NAME)";
				TEST_HOST = "$(BUILT_PRODUCTS_DIR)/WatchBotLauncher.app/WatchBotLauncher";
			};
			name = Release;
		};
		11A38B9E1B3A05DC00501C6B /* Debug */ = {
			isa = XCBuildConfiguration;
			buildSettings = {
				INFOPLIST_FILE = WatchBotLauncherUITests/Info.plist;
				LD_RUNPATH_SEARCH_PATHS = "$(inherited) @executable_path/Frameworks @loader_path/Frameworks";
				PRODUCT_BUNDLE_IDENTIFIER = es.estebantorr.WatchBotLauncherUITests;
				PRODUCT_NAME = "$(TARGET_NAME)";
				TEST_TARGET_NAME = WatchBotLauncher;
				USES_XCTRUNNER = YES;
			};
			name = Debug;
		};
		11A38B9F1B3A05DC00501C6B /* Release */ = {
			isa = XCBuildConfiguration;
			buildSettings = {
				INFOPLIST_FILE = WatchBotLauncherUITests/Info.plist;
				LD_RUNPATH_SEARCH_PATHS = "$(inherited) @executable_path/Frameworks @loader_path/Frameworks";
				PRODUCT_BUNDLE_IDENTIFIER = es.estebantorr.WatchBotLauncherUITests;
				PRODUCT_NAME = "$(TARGET_NAME)";
				TEST_TARGET_NAME = WatchBotLauncher;
				USES_XCTRUNNER = YES;
			};
			name = Release;
		};
/* End XCBuildConfiguration section */

/* Begin XCConfigurationList section */
		11A38B3F1B3A05DB00501C6B /* Build configuration list for PBXProject "WatchBotLauncher" */ = {
			isa = XCConfigurationList;
			buildConfigurations = (
				11A38B8D1B3A05DC00501C6B /* Debug */,
				11A38B8E1B3A05DC00501C6B /* Release */,
			);
			defaultConfigurationIsVisible = 0;
			defaultConfigurationName = Release;
		};
		11A38B8F1B3A05DC00501C6B /* Build configuration list for PBXNativeTarget "WatchBotLauncher WatchKit Extension" */ = {
			isa = XCConfigurationList;
			buildConfigurations = (
				11A38B901B3A05DC00501C6B /* Debug */,
				11A38B911B3A05DC00501C6B /* Release */,
			);
			defaultConfigurationIsVisible = 0;
			defaultConfigurationName = Release;
		};
		11A38B931B3A05DC00501C6B /* Build configuration list for PBXNativeTarget "WatchBotLauncher WatchKit App" */ = {
			isa = XCConfigurationList;
			buildConfigurations = (
				11A38B941B3A05DC00501C6B /* Debug */,
				11A38B951B3A05DC00501C6B /* Release */,
			);
			defaultConfigurationIsVisible = 0;
			defaultConfigurationName = Release;
		};
		11A38B971B3A05DC00501C6B /* Build configuration list for PBXNativeTarget "WatchBotLauncher" */ = {
			isa = XCConfigurationList;
			buildConfigurations = (
				11A38B981B3A05DC00501C6B /* Debug */,
				11A38B991B3A05DC00501C6B /* Release */,
			);
			defaultConfigurationIsVisible = 0;
			defaultConfigurationName = Release;
		};
		11A38B9A1B3A05DC00501C6B /* Build configuration list for PBXNativeTarget "WatchBotLauncherTests" */ = {
			isa = XCConfigurationList;
			buildConfigurations = (
				11A38B9B1B3A05DC00501C6B /* Debug */,
				11A38B9C1B3A05DC00501C6B /* Release */,
			);
			defaultConfigurationIsVisible = 0;
			defaultConfigurationName = Release;
		};
		11A38B9D1B3A05DC00501C6B /* Build configuration list for PBXNativeTarget "WatchBotLauncherUITests" */ = {
			isa = XCConfigurationList;
			buildConfigurations = (
				11A38B9E1B3A05DC00501C6B /* Debug */,
				11A38B9F1B3A05DC00501C6B /* Release */,
			);
			defaultConfigurationIsVisible = 0;
			defaultConfigurationName = Release;
		};
/* End XCConfigurationList section */
	};
	rootObject = 11A38B3C1B3A05DB00501C6B /* Project object */;
}
